// !$*UTF8*$!
{
	archiveVersion = 1;
	classes = {
	};
	objectVersion = 50;
	objects = {

/* Begin PBXBuildFile section */
		D02F751227FCB1C50073DD82 /* RangeChartViewController.swift in Sources */ = {isa = PBXBuildFile; fileRef = D02F751127FCB1C50073DD82 /* RangeChartViewController.swift */; };
		D02F751527FCBE680073DD82 /* GroupChartViewController.swift in Sources */ = {isa = PBXBuildFile; fileRef = D02F751427FCBE680073DD82 /* GroupChartViewController.swift */; };
		D02F751727FCC7180073DD82 /* LineChartViewController.swift in Sources */ = {isa = PBXBuildFile; fileRef = D02F751627FCC7180073DD82 /* LineChartViewController.swift */; };
		D02F751A27FCC7550073DD82 /* LineChartView.swift in Sources */ = {isa = PBXBuildFile; fileRef = D02F751927FCC7550073DD82 /* LineChartView.swift */; };
		D02F751C27FCC8410073DD82 /* LineChartEntryModel.swift in Sources */ = {isa = PBXBuildFile; fileRef = D02F751B27FCC8410073DD82 /* LineChartEntryModel.swift */; };
		D02F751E27FCCD420073DD82 /* GroupBar.swift in Sources */ = {isa = PBXBuildFile; fileRef = D02F751D27FCCD420073DD82 /* GroupBar.swift */; };
		D02F752027FCCD540073DD82 /* RangeBar.swift in Sources */ = {isa = PBXBuildFile; fileRef = D02F751F27FCCD540073DD82 /* RangeBar.swift */; };
		D0AD75A427FC781B00A1AF0E /* Double.swift in Sources */ = {isa = PBXBuildFile; fileRef = D0AD75A327FC781B00A1AF0E /* Double.swift */; };
		D0AD75BA27FC7A3B00A1AF0E /* BaseBarChartView.swift in Sources */ = {isa = PBXBuildFile; fileRef = D0AD75A827FC7A3B00A1AF0E /* BaseBarChartView.swift */; };
		D0AD75BB27FC7A3B00A1AF0E /* RangeBarChartView.swift in Sources */ = {isa = PBXBuildFile; fileRef = D0AD75A927FC7A3B00A1AF0E /* RangeBarChartView.swift */; };
		D0AD75BC27FC7A3B00A1AF0E /* GroupedBarChartView.swift in Sources */ = {isa = PBXBuildFile; fileRef = D0AD75AA27FC7A3B00A1AF0E /* GroupedBarChartView.swift */; };
		D0AD75BD27FC7A3B00A1AF0E /* ChartTitleView.swift in Sources */ = {isa = PBXBuildFile; fileRef = D0AD75AC27FC7A3B00A1AF0E /* ChartTitleView.swift */; };
		D0AD75BE27FC7A3B00A1AF0E /* BarContainer.swift.swift in Sources */ = {isa = PBXBuildFile; fileRef = D0AD75AE27FC7A3B00A1AF0E /* BarContainer.swift.swift */; };
		D0AD75BF27FC7A3B00A1AF0E /* Bar.swift in Sources */ = {isa = PBXBuildFile; fileRef = D0AD75AF27FC7A3B00A1AF0E /* Bar.swift */; };
		D0AD75C027FC7A3B00A1AF0E /* BarLayer.swift in Sources */ = {isa = PBXBuildFile; fileRef = D0AD75B027FC7A3B00A1AF0E /* BarLayer.swift */; };
		D0AD75C127FC7A3B00A1AF0E /* BarChartDelegate.swift in Sources */ = {isa = PBXBuildFile; fileRef = D0AD75B127FC7A3B00A1AF0E /* BarChartDelegate.swift */; };
		D0AD75C227FC7A3B00A1AF0E /* BarChartView.swift in Sources */ = {isa = PBXBuildFile; fileRef = D0AD75B227FC7A3B00A1AF0E /* BarChartView.swift */; };
		D0AD75C327FC7A3B00A1AF0E /* GroupedEntryModel.swift in Sources */ = {isa = PBXBuildFile; fileRef = D0AD75B427FC7A3B00A1AF0E /* GroupedEntryModel.swift */; };
		D0AD75C527FC7A3B00A1AF0E /* BaseEntryModel.swift in Sources */ = {isa = PBXBuildFile; fileRef = D0AD75B627FC7A3B00A1AF0E /* BaseEntryModel.swift */; };
		D0AD75C627FC7A3B00A1AF0E /* RangeEntryModel.swift in Sources */ = {isa = PBXBuildFile; fileRef = D0AD75B727FC7A3B00A1AF0E /* RangeEntryModel.swift */; };
		D0AD75C727FC7A3B00A1AF0E /* BarEntryModel.swift in Sources */ = {isa = PBXBuildFile; fileRef = D0AD75B827FC7A3B00A1AF0E /* BarEntryModel.swift */; };
		D0AD75C827FC7A3B00A1AF0E /* BaseChartView.swift in Sources */ = {isa = PBXBuildFile; fileRef = D0AD75B927FC7A3B00A1AF0E /* BaseChartView.swift */; };
		D0AD75FD27FC7DF900A1AF0E /* Helper.swift in Sources */ = {isa = PBXBuildFile; fileRef = D0AD75FB27FC7DCE00A1AF0E /* Helper.swift */; };
		D0AD760027FC8F9E00A1AF0E /* UIFont.swift in Sources */ = {isa = PBXBuildFile; fileRef = D0AD75FF27FC8F9E00A1AF0E /* UIFont.swift */; };
		D0AD760227FC94DD00A1AF0E /* UIColor.swift in Sources */ = {isa = PBXBuildFile; fileRef = D0AD760127FC94DD00A1AF0E /* UIColor.swift */; };
		D0AD760427FC9EB100A1AF0E /* Date.swift in Sources */ = {isa = PBXBuildFile; fileRef = D0AD760327FC9EB100A1AF0E /* Date.swift */; };
		D0F994272661694B00890554 /* SimpleCharts.framework in Frameworks */ = {isa = PBXBuildFile; fileRef = D0F9941D2661694B00890554 /* SimpleCharts.framework */; };
		D0F9942C2661694B00890554 /* SimpleChartsTests.swift in Sources */ = {isa = PBXBuildFile; fileRef = D0F9942B2661694B00890554 /* SimpleChartsTests.swift */; };
		D0F9942E2661694B00890554 /* SimpleCharts.h in Headers */ = {isa = PBXBuildFile; fileRef = D0F994202661694B00890554 /* SimpleCharts.h */; settings = {ATTRIBUTES = (Public, ); }; };
		D0F9943E26616BB100890554 /* AppDelegate.swift in Sources */ = {isa = PBXBuildFile; fileRef = D0F9943D26616BB100890554 /* AppDelegate.swift */; };
		D0F9944026616BB100890554 /* SceneDelegate.swift in Sources */ = {isa = PBXBuildFile; fileRef = D0F9943F26616BB100890554 /* SceneDelegate.swift */; };
		D0F9944526616BB100890554 /* Main.storyboard in Resources */ = {isa = PBXBuildFile; fileRef = D0F9944326616BB100890554 /* Main.storyboard */; };
		D0F9944726616BB300890554 /* Assets.xcassets in Resources */ = {isa = PBXBuildFile; fileRef = D0F9944626616BB300890554 /* Assets.xcassets */; };
		D0F9944A26616BB300890554 /* LaunchScreen.storyboard in Resources */ = {isa = PBXBuildFile; fileRef = D0F9944826616BB300890554 /* LaunchScreen.storyboard */; };
		D0F9947826617FCD00890554 /* BarChartViewController.swift in Sources */ = {isa = PBXBuildFile; fileRef = D0F9947726617FCD00890554 /* BarChartViewController.swift */; };
		D0F9949A2666006600890554 /* String.swift in Sources */ = {isa = PBXBuildFile; fileRef = D0F994992666006600890554 /* String.swift */; };
		D0F994A2266784CA00890554 /* SimpleCharts.framework in Frameworks */ = {isa = PBXBuildFile; fileRef = D0F9941D2661694B00890554 /* SimpleCharts.framework */; };
		D0F994A3266784CA00890554 /* SimpleCharts.framework in Embed Frameworks */ = {isa = PBXBuildFile; fileRef = D0F9941D2661694B00890554 /* SimpleCharts.framework */; settings = {ATTRIBUTES = (CodeSignOnCopy, RemoveHeadersOnCopy, ); }; };
		D0F994AD2668BE0D00890554 /* Array.swift in Sources */ = {isa = PBXBuildFile; fileRef = D0F994AC2668BE0D00890554 /* Array.swift */; };
/* End PBXBuildFile section */

/* Begin PBXContainerItemProxy section */
		D0F994282661694B00890554 /* PBXContainerItemProxy */ = {
			isa = PBXContainerItemProxy;
			containerPortal = D0F994142661694B00890554 /* Project object */;
			proxyType = 1;
			remoteGlobalIDString = D0F9941C2661694B00890554;
			remoteInfo = SimpleCharts;
		};
		D0F994A0266784C200890554 /* PBXContainerItemProxy */ = {
			isa = PBXContainerItemProxy;
			containerPortal = D0F994142661694B00890554 /* Project object */;
			proxyType = 1;
			remoteGlobalIDString = D0F9941C2661694B00890554;
			remoteInfo = SimpleCharts;
		};
		D0F994A4266784CA00890554 /* PBXContainerItemProxy */ = {
			isa = PBXContainerItemProxy;
			containerPortal = D0F994142661694B00890554 /* Project object */;
			proxyType = 1;
			remoteGlobalIDString = D0F9941C2661694B00890554;
			remoteInfo = SimpleCharts;
		};
/* End PBXContainerItemProxy section */

/* Begin PBXCopyFilesBuildPhase section */
		D0F994A6266784CA00890554 /* Embed Frameworks */ = {
			isa = PBXCopyFilesBuildPhase;
			buildActionMask = 2147483647;
			dstPath = "";
			dstSubfolderSpec = 10;
			files = (
				D0F994A3266784CA00890554 /* SimpleCharts.framework in Embed Frameworks */,
			);
			name = "Embed Frameworks";
			runOnlyForDeploymentPostprocessing = 0;
		};
/* End PBXCopyFilesBuildPhase section */

/* Begin PBXFileReference section */
		D02F751127FCB1C50073DD82 /* RangeChartViewController.swift */ = {isa = PBXFileReference; lastKnownFileType = sourcecode.swift; path = RangeChartViewController.swift; sourceTree = "<group>"; };
		D02F751427FCBE680073DD82 /* GroupChartViewController.swift */ = {isa = PBXFileReference; lastKnownFileType = sourcecode.swift; path = GroupChartViewController.swift; sourceTree = "<group>"; };
		D02F751627FCC7180073DD82 /* LineChartViewController.swift */ = {isa = PBXFileReference; lastKnownFileType = sourcecode.swift; path = LineChartViewController.swift; sourceTree = "<group>"; };
		D02F751927FCC7550073DD82 /* LineChartView.swift */ = {isa = PBXFileReference; lastKnownFileType = sourcecode.swift; path = LineChartView.swift; sourceTree = "<group>"; };
		D02F751B27FCC8410073DD82 /* LineChartEntryModel.swift */ = {isa = PBXFileReference; lastKnownFileType = sourcecode.swift; path = LineChartEntryModel.swift; sourceTree = "<group>"; };
		D02F751D27FCCD420073DD82 /* GroupBar.swift */ = {isa = PBXFileReference; lastKnownFileType = sourcecode.swift; path = GroupBar.swift; sourceTree = "<group>"; };
		D02F751F27FCCD540073DD82 /* RangeBar.swift */ = {isa = PBXFileReference; lastKnownFileType = sourcecode.swift; path = RangeBar.swift; sourceTree = "<group>"; };
		D0AD75A327FC781B00A1AF0E /* Double.swift */ = {isa = PBXFileReference; lastKnownFileType = sourcecode.swift; path = Double.swift; sourceTree = "<group>"; };
		D0AD75A827FC7A3B00A1AF0E /* BaseBarChartView.swift */ = {isa = PBXFileReference; fileEncoding = 4; lastKnownFileType = sourcecode.swift; path = BaseBarChartView.swift; sourceTree = "<group>"; };
		D0AD75A927FC7A3B00A1AF0E /* RangeBarChartView.swift */ = {isa = PBXFileReference; fileEncoding = 4; lastKnownFileType = sourcecode.swift; path = RangeBarChartView.swift; sourceTree = "<group>"; };
		D0AD75AA27FC7A3B00A1AF0E /* GroupedBarChartView.swift */ = {isa = PBXFileReference; fileEncoding = 4; lastKnownFileType = sourcecode.swift; path = GroupedBarChartView.swift; sourceTree = "<group>"; };
		D0AD75AC27FC7A3B00A1AF0E /* ChartTitleView.swift */ = {isa = PBXFileReference; fileEncoding = 4; lastKnownFileType = sourcecode.swift; path = ChartTitleView.swift; sourceTree = "<group>"; };
		D0AD75AE27FC7A3B00A1AF0E /* BarContainer.swift.swift */ = {isa = PBXFileReference; fileEncoding = 4; lastKnownFileType = sourcecode.swift; path = BarContainer.swift.swift; sourceTree = "<group>"; };
		D0AD75AF27FC7A3B00A1AF0E /* Bar.swift */ = {isa = PBXFileReference; fileEncoding = 4; lastKnownFileType = sourcecode.swift; path = Bar.swift; sourceTree = "<group>"; };
		D0AD75B027FC7A3B00A1AF0E /* BarLayer.swift */ = {isa = PBXFileReference; fileEncoding = 4; lastKnownFileType = sourcecode.swift; path = BarLayer.swift; sourceTree = "<group>"; };
		D0AD75B127FC7A3B00A1AF0E /* BarChartDelegate.swift */ = {isa = PBXFileReference; fileEncoding = 4; lastKnownFileType = sourcecode.swift; path = BarChartDelegate.swift; sourceTree = "<group>"; };
		D0AD75B227FC7A3B00A1AF0E /* BarChartView.swift */ = {isa = PBXFileReference; fileEncoding = 4; lastKnownFileType = sourcecode.swift; path = BarChartView.swift; sourceTree = "<group>"; };
		D0AD75B427FC7A3B00A1AF0E /* GroupedEntryModel.swift */ = {isa = PBXFileReference; fileEncoding = 4; lastKnownFileType = sourcecode.swift; path = GroupedEntryModel.swift; sourceTree = "<group>"; };
		D0AD75B627FC7A3B00A1AF0E /* BaseEntryModel.swift */ = {isa = PBXFileReference; fileEncoding = 4; lastKnownFileType = sourcecode.swift; path = BaseEntryModel.swift; sourceTree = "<group>"; };
		D0AD75B727FC7A3B00A1AF0E /* RangeEntryModel.swift */ = {isa = PBXFileReference; fileEncoding = 4; lastKnownFileType = sourcecode.swift; path = RangeEntryModel.swift; sourceTree = "<group>"; };
		D0AD75B827FC7A3B00A1AF0E /* BarEntryModel.swift */ = {isa = PBXFileReference; fileEncoding = 4; lastKnownFileType = sourcecode.swift; path = BarEntryModel.swift; sourceTree = "<group>"; };
		D0AD75B927FC7A3B00A1AF0E /* BaseChartView.swift */ = {isa = PBXFileReference; fileEncoding = 4; lastKnownFileType = sourcecode.swift; path = BaseChartView.swift; sourceTree = "<group>"; };
		D0AD75FB27FC7DCE00A1AF0E /* Helper.swift */ = {isa = PBXFileReference; lastKnownFileType = sourcecode.swift; path = Helper.swift; sourceTree = "<group>"; };
		D0AD75FF27FC8F9E00A1AF0E /* UIFont.swift */ = {isa = PBXFileReference; lastKnownFileType = sourcecode.swift; path = UIFont.swift; sourceTree = "<group>"; };
		D0AD760127FC94DD00A1AF0E /* UIColor.swift */ = {isa = PBXFileReference; lastKnownFileType = sourcecode.swift; path = UIColor.swift; sourceTree = "<group>"; };
		D0AD760327FC9EB100A1AF0E /* Date.swift */ = {isa = PBXFileReference; lastKnownFileType = sourcecode.swift; path = Date.swift; sourceTree = "<group>"; };
		D0F9941D2661694B00890554 /* SimpleCharts.framework */ = {isa = PBXFileReference; explicitFileType = wrapper.framework; includeInIndex = 0; path = SimpleCharts.framework; sourceTree = BUILT_PRODUCTS_DIR; };
		D0F994202661694B00890554 /* SimpleCharts.h */ = {isa = PBXFileReference; lastKnownFileType = sourcecode.c.h; path = SimpleCharts.h; sourceTree = "<group>"; };
		D0F994212661694B00890554 /* Info.plist */ = {isa = PBXFileReference; lastKnownFileType = text.plist.xml; path = Info.plist; sourceTree = "<group>"; };
		D0F994262661694B00890554 /* SimpleChartsTests.xctest */ = {isa = PBXFileReference; explicitFileType = wrapper.cfbundle; includeInIndex = 0; path = SimpleChartsTests.xctest; sourceTree = BUILT_PRODUCTS_DIR; };
		D0F9942B2661694B00890554 /* SimpleChartsTests.swift */ = {isa = PBXFileReference; lastKnownFileType = sourcecode.swift; path = SimpleChartsTests.swift; sourceTree = "<group>"; };
		D0F9942D2661694B00890554 /* Info.plist */ = {isa = PBXFileReference; lastKnownFileType = text.plist.xml; path = Info.plist; sourceTree = "<group>"; };
		D0F9943B26616BB100890554 /* SimpleChartsDemo.app */ = {isa = PBXFileReference; explicitFileType = wrapper.application; includeInIndex = 0; path = SimpleChartsDemo.app; sourceTree = BUILT_PRODUCTS_DIR; };
		D0F9943D26616BB100890554 /* AppDelegate.swift */ = {isa = PBXFileReference; lastKnownFileType = sourcecode.swift; path = AppDelegate.swift; sourceTree = "<group>"; };
		D0F9943F26616BB100890554 /* SceneDelegate.swift */ = {isa = PBXFileReference; lastKnownFileType = sourcecode.swift; path = SceneDelegate.swift; sourceTree = "<group>"; };
		D0F9944426616BB100890554 /* Base */ = {isa = PBXFileReference; lastKnownFileType = file.storyboard; name = Base; path = Base.lproj/Main.storyboard; sourceTree = "<group>"; };
		D0F9944626616BB300890554 /* Assets.xcassets */ = {isa = PBXFileReference; lastKnownFileType = folder.assetcatalog; path = Assets.xcassets; sourceTree = "<group>"; };
		D0F9944926616BB300890554 /* Base */ = {isa = PBXFileReference; lastKnownFileType = file.storyboard; name = Base; path = Base.lproj/LaunchScreen.storyboard; sourceTree = "<group>"; };
		D0F9944B26616BB300890554 /* Info.plist */ = {isa = PBXFileReference; lastKnownFileType = text.plist.xml; path = Info.plist; sourceTree = "<group>"; };
		D0F9947726617FCD00890554 /* BarChartViewController.swift */ = {isa = PBXFileReference; lastKnownFileType = sourcecode.swift; path = BarChartViewController.swift; sourceTree = "<group>"; };
		D0F994992666006600890554 /* String.swift */ = {isa = PBXFileReference; lastKnownFileType = sourcecode.swift; path = String.swift; sourceTree = "<group>"; };
		D0F994AC2668BE0D00890554 /* Array.swift */ = {isa = PBXFileReference; lastKnownFileType = sourcecode.swift; path = Array.swift; sourceTree = "<group>"; };
/* End PBXFileReference section */

/* Begin PBXFrameworksBuildPhase section */
		D0F9941A2661694B00890554 /* Frameworks */ = {
			isa = PBXFrameworksBuildPhase;
			buildActionMask = 2147483647;
			files = (
			);
			runOnlyForDeploymentPostprocessing = 0;
		};
		D0F994232661694B00890554 /* Frameworks */ = {
			isa = PBXFrameworksBuildPhase;
			buildActionMask = 2147483647;
			files = (
				D0F994272661694B00890554 /* SimpleCharts.framework in Frameworks */,
			);
			runOnlyForDeploymentPostprocessing = 0;
		};
		D0F9943826616BB100890554 /* Frameworks */ = {
			isa = PBXFrameworksBuildPhase;
			buildActionMask = 2147483647;
			files = (
				D0F994A2266784CA00890554 /* SimpleCharts.framework in Frameworks */,
			);
			runOnlyForDeploymentPostprocessing = 0;
		};
/* End PBXFrameworksBuildPhase section */

/* Begin PBXGroup section */
		D02F751027FCB1A40073DD82 /* Controller */ = {
			isa = PBXGroup;
			children = (
				D0F9947726617FCD00890554 /* BarChartViewController.swift */,
				D02F751127FCB1C50073DD82 /* RangeChartViewController.swift */,
				D02F751427FCBE680073DD82 /* GroupChartViewController.swift */,
				D02F751627FCC7180073DD82 /* LineChartViewController.swift */,
			);
			path = Controller;
			sourceTree = "<group>";
		};
		D02F751827FCC7340073DD82 /* LineChart */ = {
			isa = PBXGroup;
			children = (
				D02F751927FCC7550073DD82 /* LineChartView.swift */,
			);
			path = LineChart;
			sourceTree = "<group>";
		};
		D0AD75A627FC7A1200A1AF0E /* Charts */ = {
			isa = PBXGroup;
			children = (
				D0AD75B927FC7A3B00A1AF0E /* BaseChartView.swift */,
				D0AD75A727FC7A3B00A1AF0E /* BarChart */,
				D02F751827FCC7340073DD82 /* LineChart */,
				D0AD75B327FC7A3B00A1AF0E /* Models */,
			);
			path = Charts;
			sourceTree = "<group>";
		};
		D0AD75A727FC7A3B00A1AF0E /* BarChart */ = {
			isa = PBXGroup;
			children = (
				D0AD75A827FC7A3B00A1AF0E /* BaseBarChartView.swift */,
				D0AD75B227FC7A3B00A1AF0E /* BarChartView.swift */,
				D0AD75A927FC7A3B00A1AF0E /* RangeBarChartView.swift */,
				D0AD75AA27FC7A3B00A1AF0E /* GroupedBarChartView.swift */,
				D0AD75AB27FC7A3B00A1AF0E /* Components */,
				D0AD75AD27FC7A3B00A1AF0E /* Layer */,
				D0AD75B127FC7A3B00A1AF0E /* BarChartDelegate.swift */,
			);
			path = BarChart;
			sourceTree = "<group>";
		};
		D0AD75AB27FC7A3B00A1AF0E /* Components */ = {
			isa = PBXGroup;
			children = (
				D0AD75AC27FC7A3B00A1AF0E /* ChartTitleView.swift */,
			);
			path = Components;
			sourceTree = "<group>";
		};
		D0AD75AD27FC7A3B00A1AF0E /* Layer */ = {
			isa = PBXGroup;
			children = (
				D0AD75AE27FC7A3B00A1AF0E /* BarContainer.swift.swift */,
				D0AD75AF27FC7A3B00A1AF0E /* Bar.swift */,
				D0AD75B027FC7A3B00A1AF0E /* BarLayer.swift */,
				D02F751D27FCCD420073DD82 /* GroupBar.swift */,
				D02F751F27FCCD540073DD82 /* RangeBar.swift */,
			);
			path = Layer;
			sourceTree = "<group>";
		};
		D0AD75B327FC7A3B00A1AF0E /* Models */ = {
			isa = PBXGroup;
			children = (
				D0AD75B427FC7A3B00A1AF0E /* GroupedEntryModel.swift */,
				D0AD75B627FC7A3B00A1AF0E /* BaseEntryModel.swift */,
				D0AD75B727FC7A3B00A1AF0E /* RangeEntryModel.swift */,
				D0AD75B827FC7A3B00A1AF0E /* BarEntryModel.swift */,
				D02F751B27FCC8410073DD82 /* LineChartEntryModel.swift */,
			);
			path = Models;
			sourceTree = "<group>";
		};
		D0AD75FA27FC7DC200A1AF0E /* Utils */ = {
			isa = PBXGroup;
			children = (
			);
			path = Utils;
			sourceTree = "<group>";
		};
		D0AD75FE27FC8F9300A1AF0E /* Extension */ = {
			isa = PBXGroup;
			children = (
				D0AD75FF27FC8F9E00A1AF0E /* UIFont.swift */,
				D0AD760127FC94DD00A1AF0E /* UIColor.swift */,
				D0AD760327FC9EB100A1AF0E /* Date.swift */,
			);
			path = Extension;
			sourceTree = "<group>";
		};
		D0F994132661694B00890554 = {
			isa = PBXGroup;
			children = (
				D0F9941F2661694B00890554 /* SimpleCharts */,
				D0F9942A2661694B00890554 /* SimpleChartsTests */,
				D0F9943C26616BB100890554 /* SimpleChartsDemo */,
				D0F9941E2661694B00890554 /* Products */,
				D0F9946B26616C5100890554 /* Frameworks */,
			);
			sourceTree = "<group>";
		};
		D0F9941E2661694B00890554 /* Products */ = {
			isa = PBXGroup;
			children = (
				D0F9941D2661694B00890554 /* SimpleCharts.framework */,
				D0F994262661694B00890554 /* SimpleChartsTests.xctest */,
				D0F9943B26616BB100890554 /* SimpleChartsDemo.app */,
			);
			name = Products;
			sourceTree = "<group>";
		};
		D0F9941F2661694B00890554 /* SimpleCharts */ = {
			isa = PBXGroup;
			children = (
				D0AD75A627FC7A1200A1AF0E /* Charts */,
				D0F9949326649CD600890554 /* Extension */,
				D0AD75FA27FC7DC200A1AF0E /* Utils */,
				D0F9949D26677FD600890554 /* SupportFiles */,
			);
			path = SimpleCharts;
			sourceTree = "<group>";
		};
		D0F9942A2661694B00890554 /* SimpleChartsTests */ = {
			isa = PBXGroup;
			children = (
				D0F9942B2661694B00890554 /* SimpleChartsTests.swift */,
				D0F9942D2661694B00890554 /* Info.plist */,
			);
			path = SimpleChartsTests;
			sourceTree = "<group>";
		};
		D0F9943C26616BB100890554 /* SimpleChartsDemo */ = {
			isa = PBXGroup;
			children = (
				D02F751027FCB1A40073DD82 /* Controller */,
				D0AD75FE27FC8F9300A1AF0E /* Extension */,
				D0F9943D26616BB100890554 /* AppDelegate.swift */,
				D0F9943F26616BB100890554 /* SceneDelegate.swift */,
				D0AD75FB27FC7DCE00A1AF0E /* Helper.swift */,
				D0F9944326616BB100890554 /* Main.storyboard */,
				D0F9944626616BB300890554 /* Assets.xcassets */,
				D0F9944826616BB300890554 /* LaunchScreen.storyboard */,
				D0F9944B26616BB300890554 /* Info.plist */,
			);
			path = SimpleChartsDemo;
			sourceTree = "<group>";
		};
		D0F9946B26616C5100890554 /* Frameworks */ = {
			isa = PBXGroup;
			children = (
			);
			name = Frameworks;
			sourceTree = "<group>";
		};
		D0F9949326649CD600890554 /* Extension */ = {
			isa = PBXGroup;
			children = (
				D0F994992666006600890554 /* String.swift */,
				D0F994AC2668BE0D00890554 /* Array.swift */,
				D0AD75A327FC781B00A1AF0E /* Double.swift */,
			);
			path = Extension;
			sourceTree = "<group>";
		};
		D0F9949D26677FD600890554 /* SupportFiles */ = {
			isa = PBXGroup;
			children = (
				D0F994202661694B00890554 /* SimpleCharts.h */,
				D0F994212661694B00890554 /* Info.plist */,
			);
			path = SupportFiles;
			sourceTree = "<group>";
		};
/* End PBXGroup section */

/* Begin PBXHeadersBuildPhase section */
		D0F994182661694B00890554 /* Headers */ = {
			isa = PBXHeadersBuildPhase;
			buildActionMask = 2147483647;
			files = (
				D0F9942E2661694B00890554 /* SimpleCharts.h in Headers */,
			);
			runOnlyForDeploymentPostprocessing = 0;
		};
/* End PBXHeadersBuildPhase section */

/* Begin PBXNativeTarget section */
		D0F9941C2661694B00890554 /* SimpleCharts */ = {
			isa = PBXNativeTarget;
			buildConfigurationList = D0F994312661694B00890554 /* Build configuration list for PBXNativeTarget "SimpleCharts" */;
			buildPhases = (
				D0F994182661694B00890554 /* Headers */,
				D0F994192661694B00890554 /* Sources */,
				D0F9941A2661694B00890554 /* Frameworks */,
				D0F9941B2661694B00890554 /* Resources */,
			);
			buildRules = (
			);
			dependencies = (
			);
			name = SimpleCharts;
			productName = SimpleCharts;
			productReference = D0F9941D2661694B00890554 /* SimpleCharts.framework */;
			productType = "com.apple.product-type.framework";
		};
		D0F994252661694B00890554 /* SimpleChartsTests */ = {
			isa = PBXNativeTarget;
			buildConfigurationList = D0F994342661694B00890554 /* Build configuration list for PBXNativeTarget "SimpleChartsTests" */;
			buildPhases = (
				D0F994222661694B00890554 /* Sources */,
				D0F994232661694B00890554 /* Frameworks */,
				D0F994242661694B00890554 /* Resources */,
			);
			buildRules = (
			);
			dependencies = (
				D0F994292661694B00890554 /* PBXTargetDependency */,
			);
			name = SimpleChartsTests;
			productName = SimpleChartsTests;
			productReference = D0F994262661694B00890554 /* SimpleChartsTests.xctest */;
			productType = "com.apple.product-type.bundle.unit-test";
		};
		D0F9943A26616BB100890554 /* SimpleChartsDemo */ = {
			isa = PBXNativeTarget;
			buildConfigurationList = D0F9946226616BB300890554 /* Build configuration list for PBXNativeTarget "SimpleChartsDemo" */;
			buildPhases = (
				D0F9943726616BB100890554 /* Sources */,
				D0F9943826616BB100890554 /* Frameworks */,
				D0F9943926616BB100890554 /* Resources */,
				D0F994A6266784CA00890554 /* Embed Frameworks */,
			);
			buildRules = (
			);
			dependencies = (
				D0F994A1266784C200890554 /* PBXTargetDependency */,
				D0F994A5266784CA00890554 /* PBXTargetDependency */,
			);
			name = SimpleChartsDemo;
			productName = SimpleChartsDemo;
			productReference = D0F9943B26616BB100890554 /* SimpleChartsDemo.app */;
			productType = "com.apple.product-type.application";
		};
/* End PBXNativeTarget section */

/* Begin PBXProject section */
		D0F994142661694B00890554 /* Project object */ = {
			isa = PBXProject;
			attributes = {
				LastSwiftUpdateCheck = 1250;
				LastUpgradeCheck = 1250;
				TargetAttributes = {
					D0F9941C2661694B00890554 = {
						CreatedOnToolsVersion = 12.5;
						LastSwiftMigration = 1250;
					};
					D0F994252661694B00890554 = {
						CreatedOnToolsVersion = 12.5;
					};
					D0F9943A26616BB100890554 = {
						CreatedOnToolsVersion = 12.5;
					};
				};
			};
			buildConfigurationList = D0F994172661694B00890554 /* Build configuration list for PBXProject "SimpleCharts" */;
			compatibilityVersion = "Xcode 9.3";
			developmentRegion = en;
			hasScannedForEncodings = 0;
			knownRegions = (
				en,
				Base,
			);
			mainGroup = D0F994132661694B00890554;
			productRefGroup = D0F9941E2661694B00890554 /* Products */;
			projectDirPath = "";
			projectRoot = "";
			targets = (
				D0F9941C2661694B00890554 /* SimpleCharts */,
				D0F994252661694B00890554 /* SimpleChartsTests */,
				D0F9943A26616BB100890554 /* SimpleChartsDemo */,
			);
		};
/* End PBXProject section */

/* Begin PBXResourcesBuildPhase section */
		D0F9941B2661694B00890554 /* Resources */ = {
			isa = PBXResourcesBuildPhase;
			buildActionMask = 2147483647;
			files = (
			);
			runOnlyForDeploymentPostprocessing = 0;
		};
		D0F994242661694B00890554 /* Resources */ = {
			isa = PBXResourcesBuildPhase;
			buildActionMask = 2147483647;
			files = (
			);
			runOnlyForDeploymentPostprocessing = 0;
		};
		D0F9943926616BB100890554 /* Resources */ = {
			isa = PBXResourcesBuildPhase;
			buildActionMask = 2147483647;
			files = (
				D0F9944A26616BB300890554 /* LaunchScreen.storyboard in Resources */,
				D0F9944726616BB300890554 /* Assets.xcassets in Resources */,
				D0F9944526616BB100890554 /* Main.storyboard in Resources */,
			);
			runOnlyForDeploymentPostprocessing = 0;
		};
/* End PBXResourcesBuildPhase section */

/* Begin PBXSourcesBuildPhase section */
		D0F994192661694B00890554 /* Sources */ = {
			isa = PBXSourcesBuildPhase;
			buildActionMask = 2147483647;
			files = (
				D0AD75C627FC7A3B00A1AF0E /* RangeEntryModel.swift in Sources */,
				D0AD75BC27FC7A3B00A1AF0E /* GroupedBarChartView.swift in Sources */,
				D0AD75BB27FC7A3B00A1AF0E /* RangeBarChartView.swift in Sources */,
				D0F9949A2666006600890554 /* String.swift in Sources */,
				D0AD75C327FC7A3B00A1AF0E /* GroupedEntryModel.swift in Sources */,
				D02F752027FCCD540073DD82 /* RangeBar.swift in Sources */,
				D0F994AD2668BE0D00890554 /* Array.swift in Sources */,
				D0AD75BA27FC7A3B00A1AF0E /* BaseBarChartView.swift in Sources */,
				D02F751A27FCC7550073DD82 /* LineChartView.swift in Sources */,
				D0AD75BD27FC7A3B00A1AF0E /* ChartTitleView.swift in Sources */,
				D02F751C27FCC8410073DD82 /* LineChartEntryModel.swift in Sources */,
				D0AD75BE27FC7A3B00A1AF0E /* BarContainer.swift.swift in Sources */,
				D0AD75C727FC7A3B00A1AF0E /* BarEntryModel.swift in Sources */,
				D0AD75C027FC7A3B00A1AF0E /* BarLayer.swift in Sources */,
				D0AD75BF27FC7A3B00A1AF0E /* Bar.swift in Sources */,
				D0AD75A427FC781B00A1AF0E /* Double.swift in Sources */,
				D02F751E27FCCD420073DD82 /* GroupBar.swift in Sources */,
				D0AD75C127FC7A3B00A1AF0E /* BarChartDelegate.swift in Sources */,
				D0AD75C527FC7A3B00A1AF0E /* BaseEntryModel.swift in Sources */,
				D0AD75C827FC7A3B00A1AF0E /* BaseChartView.swift in Sources */,
				D0AD75C227FC7A3B00A1AF0E /* BarChartView.swift in Sources */,
			);
			runOnlyForDeploymentPostprocessing = 0;
		};
		D0F994222661694B00890554 /* Sources */ = {
			isa = PBXSourcesBuildPhase;
			buildActionMask = 2147483647;
			files = (
				D0F9942C2661694B00890554 /* SimpleChartsTests.swift in Sources */,
			);
			runOnlyForDeploymentPostprocessing = 0;
		};
		D0F9943726616BB100890554 /* Sources */ = {
			isa = PBXSourcesBuildPhase;
			buildActionMask = 2147483647;
			files = (
				D02F751527FCBE680073DD82 /* GroupChartViewController.swift in Sources */,
				D0F9947826617FCD00890554 /* BarChartViewController.swift in Sources */,
				D0AD760227FC94DD00A1AF0E /* UIColor.swift in Sources */,
				D0AD760427FC9EB100A1AF0E /* Date.swift in Sources */,
				D0F9943E26616BB100890554 /* AppDelegate.swift in Sources */,
				D0F9944026616BB100890554 /* SceneDelegate.swift in Sources */,
				D0AD760027FC8F9E00A1AF0E /* UIFont.swift in Sources */,
				D0AD75FD27FC7DF900A1AF0E /* Helper.swift in Sources */,
				D02F751227FCB1C50073DD82 /* RangeChartViewController.swift in Sources */,
				D02F751727FCC7180073DD82 /* LineChartViewController.swift in Sources */,
			);
			runOnlyForDeploymentPostprocessing = 0;
		};
/* End PBXSourcesBuildPhase section */

/* Begin PBXTargetDependency section */
		D0F994292661694B00890554 /* PBXTargetDependency */ = {
			isa = PBXTargetDependency;
			target = D0F9941C2661694B00890554 /* SimpleCharts */;
			targetProxy = D0F994282661694B00890554 /* PBXContainerItemProxy */;
		};
		D0F994A1266784C200890554 /* PBXTargetDependency */ = {
			isa = PBXTargetDependency;
			target = D0F9941C2661694B00890554 /* SimpleCharts */;
			targetProxy = D0F994A0266784C200890554 /* PBXContainerItemProxy */;
		};
		D0F994A5266784CA00890554 /* PBXTargetDependency */ = {
			isa = PBXTargetDependency;
			target = D0F9941C2661694B00890554 /* SimpleCharts */;
			targetProxy = D0F994A4266784CA00890554 /* PBXContainerItemProxy */;
		};
/* End PBXTargetDependency section */

/* Begin PBXVariantGroup section */
		D0F9944326616BB100890554 /* Main.storyboard */ = {
			isa = PBXVariantGroup;
			children = (
				D0F9944426616BB100890554 /* Base */,
			);
			name = Main.storyboard;
			sourceTree = "<group>";
		};
		D0F9944826616BB300890554 /* LaunchScreen.storyboard */ = {
			isa = PBXVariantGroup;
			children = (
				D0F9944926616BB300890554 /* Base */,
			);
			name = LaunchScreen.storyboard;
			sourceTree = "<group>";
		};
/* End PBXVariantGroup section */

/* Begin XCBuildConfiguration section */
		D0F9942F2661694B00890554 /* Debug */ = {
			isa = XCBuildConfiguration;
			buildSettings = {
				ALWAYS_SEARCH_USER_PATHS = NO;
				CLANG_ANALYZER_NONNULL = YES;
				CLANG_ANALYZER_NUMBER_OBJECT_CONVERSION = YES_AGGRESSIVE;
				CLANG_CXX_LANGUAGE_STANDARD = "gnu++14";
				CLANG_CXX_LIBRARY = "libc++";
				CLANG_ENABLE_MODULES = YES;
				CLANG_ENABLE_OBJC_ARC = YES;
				CLANG_ENABLE_OBJC_WEAK = YES;
				CLANG_WARN_BLOCK_CAPTURE_AUTORELEASING = YES;
				CLANG_WARN_BOOL_CONVERSION = YES;
				CLANG_WARN_COMMA = YES;
				CLANG_WARN_CONSTANT_CONVERSION = YES;
				CLANG_WARN_DEPRECATED_OBJC_IMPLEMENTATIONS = YES;
				CLANG_WARN_DIRECT_OBJC_ISA_USAGE = YES_ERROR;
				CLANG_WARN_DOCUMENTATION_COMMENTS = YES;
				CLANG_WARN_EMPTY_BODY = YES;
				CLANG_WARN_ENUM_CONVERSION = YES;
				CLANG_WARN_INFINITE_RECURSION = YES;
				CLANG_WARN_INT_CONVERSION = YES;
				CLANG_WARN_NON_LITERAL_NULL_CONVERSION = YES;
				CLANG_WARN_OBJC_IMPLICIT_RETAIN_SELF = YES;
				CLANG_WARN_OBJC_LITERAL_CONVERSION = YES;
				CLANG_WARN_OBJC_ROOT_CLASS = YES_ERROR;
				CLANG_WARN_QUOTED_INCLUDE_IN_FRAMEWORK_HEADER = YES;
				CLANG_WARN_RANGE_LOOP_ANALYSIS = YES;
				CLANG_WARN_STRICT_PROTOTYPES = YES;
				CLANG_WARN_SUSPICIOUS_MOVE = YES;
				CLANG_WARN_UNGUARDED_AVAILABILITY = YES_AGGRESSIVE;
				CLANG_WARN_UNREACHABLE_CODE = YES;
				CLANG_WARN__DUPLICATE_METHOD_MATCH = YES;
				COPY_PHASE_STRIP = NO;
				CURRENT_PROJECT_VERSION = 1;
				DEBUG_INFORMATION_FORMAT = dwarf;
				ENABLE_STRICT_OBJC_MSGSEND = YES;
				ENABLE_TESTABILITY = YES;
				GCC_C_LANGUAGE_STANDARD = gnu11;
				GCC_DYNAMIC_NO_PIC = NO;
				GCC_NO_COMMON_BLOCKS = YES;
				GCC_OPTIMIZATION_LEVEL = 0;
				GCC_PREPROCESSOR_DEFINITIONS = (
					"DEBUG=1",
					"$(inherited)",
				);
				GCC_WARN_64_TO_32_BIT_CONVERSION = YES;
				GCC_WARN_ABOUT_RETURN_TYPE = YES_ERROR;
				GCC_WARN_UNDECLARED_SELECTOR = YES;
				GCC_WARN_UNINITIALIZED_AUTOS = YES_AGGRESSIVE;
				GCC_WARN_UNUSED_FUNCTION = YES;
				GCC_WARN_UNUSED_VARIABLE = YES;
				IPHONEOS_DEPLOYMENT_TARGET = 14.5;
				MTL_ENABLE_DEBUG_INFO = INCLUDE_SOURCE;
				MTL_FAST_MATH = YES;
				ONLY_ACTIVE_ARCH = YES;
				SDKROOT = iphoneos;
				SWIFT_ACTIVE_COMPILATION_CONDITIONS = DEBUG;
				SWIFT_OPTIMIZATION_LEVEL = "-Onone";
				VERSIONING_SYSTEM = "apple-generic";
				VERSION_INFO_PREFIX = "";
			};
			name = Debug;
		};
		D0F994302661694B00890554 /* Release */ = {
			isa = XCBuildConfiguration;
			buildSettings = {
				ALWAYS_SEARCH_USER_PATHS = NO;
				CLANG_ANALYZER_NONNULL = YES;
				CLANG_ANALYZER_NUMBER_OBJECT_CONVERSION = YES_AGGRESSIVE;
				CLANG_CXX_LANGUAGE_STANDARD = "gnu++14";
				CLANG_CXX_LIBRARY = "libc++";
				CLANG_ENABLE_MODULES = YES;
				CLANG_ENABLE_OBJC_ARC = YES;
				CLANG_ENABLE_OBJC_WEAK = YES;
				CLANG_WARN_BLOCK_CAPTURE_AUTORELEASING = YES;
				CLANG_WARN_BOOL_CONVERSION = YES;
				CLANG_WARN_COMMA = YES;
				CLANG_WARN_CONSTANT_CONVERSION = YES;
				CLANG_WARN_DEPRECATED_OBJC_IMPLEMENTATIONS = YES;
				CLANG_WARN_DIRECT_OBJC_ISA_USAGE = YES_ERROR;
				CLANG_WARN_DOCUMENTATION_COMMENTS = YES;
				CLANG_WARN_EMPTY_BODY = YES;
				CLANG_WARN_ENUM_CONVERSION = YES;
				CLANG_WARN_INFINITE_RECURSION = YES;
				CLANG_WARN_INT_CONVERSION = YES;
				CLANG_WARN_NON_LITERAL_NULL_CONVERSION = YES;
				CLANG_WARN_OBJC_IMPLICIT_RETAIN_SELF = YES;
				CLANG_WARN_OBJC_LITERAL_CONVERSION = YES;
				CLANG_WARN_OBJC_ROOT_CLASS = YES_ERROR;
				CLANG_WARN_QUOTED_INCLUDE_IN_FRAMEWORK_HEADER = YES;
				CLANG_WARN_RANGE_LOOP_ANALYSIS = YES;
				CLANG_WARN_STRICT_PROTOTYPES = YES;
				CLANG_WARN_SUSPICIOUS_MOVE = YES;
				CLANG_WARN_UNGUARDED_AVAILABILITY = YES_AGGRESSIVE;
				CLANG_WARN_UNREACHABLE_CODE = YES;
				CLANG_WARN__DUPLICATE_METHOD_MATCH = YES;
				COPY_PHASE_STRIP = NO;
				CURRENT_PROJECT_VERSION = 1;
				DEBUG_INFORMATION_FORMAT = "dwarf-with-dsym";
				ENABLE_NS_ASSERTIONS = NO;
				ENABLE_STRICT_OBJC_MSGSEND = YES;
				GCC_C_LANGUAGE_STANDARD = gnu11;
				GCC_NO_COMMON_BLOCKS = YES;
				GCC_WARN_64_TO_32_BIT_CONVERSION = YES;
				GCC_WARN_ABOUT_RETURN_TYPE = YES_ERROR;
				GCC_WARN_UNDECLARED_SELECTOR = YES;
				GCC_WARN_UNINITIALIZED_AUTOS = YES_AGGRESSIVE;
				GCC_WARN_UNUSED_FUNCTION = YES;
				GCC_WARN_UNUSED_VARIABLE = YES;
				IPHONEOS_DEPLOYMENT_TARGET = 14.5;
				MTL_ENABLE_DEBUG_INFO = NO;
				MTL_FAST_MATH = YES;
				SDKROOT = iphoneos;
				SWIFT_COMPILATION_MODE = wholemodule;
				SWIFT_OPTIMIZATION_LEVEL = "-O";
				VALIDATE_PRODUCT = YES;
				VERSIONING_SYSTEM = "apple-generic";
				VERSION_INFO_PREFIX = "";
			};
			name = Release;
		};
		D0F994322661694B00890554 /* Debug */ = {
			isa = XCBuildConfiguration;
			buildSettings = {
				CLANG_ENABLE_MODULES = YES;
				CODE_SIGN_STYLE = Automatic;
				DEFINES_MODULE = YES;
				DEVELOPMENT_TEAM = L7BXVNN29K;
				DYLIB_COMPATIBILITY_VERSION = 1;
				DYLIB_CURRENT_VERSION = 1;
				DYLIB_INSTALL_NAME_BASE = "@rpath";
				INFOPLIST_FILE = SimpleCharts/SupportFiles/Info.plist;
				INSTALL_PATH = "$(LOCAL_LIBRARY_DIR)/Frameworks";
				IPHONEOS_DEPLOYMENT_TARGET = 13.0;
				LD_RUNPATH_SEARCH_PATHS = (
					"$(inherited)",
					"@executable_path/Frameworks",
					"@loader_path/Frameworks",
				);
				PRODUCT_BUNDLE_IDENTIFIER = com.emrearmagan.SimpleCharts;
				PRODUCT_NAME = "$(TARGET_NAME:c99extidentifier)";
				SKIP_INSTALL = YES;
				SUPPORTS_MACCATALYST = NO;
				SWIFT_OPTIMIZATION_LEVEL = "-Onone";
				SWIFT_VERSION = 5.0;
				TARGETED_DEVICE_FAMILY = 1;
			};
			name = Debug;
		};
		D0F994332661694B00890554 /* Release */ = {
			isa = XCBuildConfiguration;
			buildSettings = {
				CLANG_ENABLE_MODULES = YES;
				CODE_SIGN_STYLE = Automatic;
				DEFINES_MODULE = YES;
				DEVELOPMENT_TEAM = L7BXVNN29K;
				DYLIB_COMPATIBILITY_VERSION = 1;
				DYLIB_CURRENT_VERSION = 1;
				DYLIB_INSTALL_NAME_BASE = "@rpath";
				INFOPLIST_FILE = SimpleCharts/SupportFiles/Info.plist;
				INSTALL_PATH = "$(LOCAL_LIBRARY_DIR)/Frameworks";
				IPHONEOS_DEPLOYMENT_TARGET = 13.0;
				LD_RUNPATH_SEARCH_PATHS = (
					"$(inherited)",
					"@executable_path/Frameworks",
					"@loader_path/Frameworks",
				);
				PRODUCT_BUNDLE_IDENTIFIER = com.emrearmagan.SimpleCharts;
				PRODUCT_NAME = "$(TARGET_NAME:c99extidentifier)";
				SKIP_INSTALL = YES;
				SUPPORTS_MACCATALYST = NO;
				SWIFT_VERSION = 5.0;
				TARGETED_DEVICE_FAMILY = 1;
			};
			name = Release;
		};
		D0F994352661694B00890554 /* Debug */ = {
			isa = XCBuildConfiguration;
			buildSettings = {
				ALWAYS_EMBED_SWIFT_STANDARD_LIBRARIES = YES;
				CODE_SIGN_STYLE = Automatic;
				DEVELOPMENT_TEAM = L7BXVNN29K;
				INFOPLIST_FILE = SimpleChartsTests/Info.plist;
				LD_RUNPATH_SEARCH_PATHS = (
					"$(inherited)",
					"@executable_path/Frameworks",
					"@loader_path/Frameworks",
				);
				PRODUCT_BUNDLE_IDENTIFIER = com.emrearmagan.SimpleChartsTests;
				PRODUCT_NAME = "$(TARGET_NAME)";
				SWIFT_VERSION = 5.0;
				TARGETED_DEVICE_FAMILY = "1,2";
			};
			name = Debug;
		};
		D0F994362661694B00890554 /* Release */ = {
			isa = XCBuildConfiguration;
			buildSettings = {
				ALWAYS_EMBED_SWIFT_STANDARD_LIBRARIES = YES;
				CODE_SIGN_STYLE = Automatic;
				DEVELOPMENT_TEAM = L7BXVNN29K;
				INFOPLIST_FILE = SimpleChartsTests/Info.plist;
				LD_RUNPATH_SEARCH_PATHS = (
					"$(inherited)",
					"@executable_path/Frameworks",
					"@loader_path/Frameworks",
				);
				PRODUCT_BUNDLE_IDENTIFIER = com.emrearmagan.SimpleChartsTests;
				PRODUCT_NAME = "$(TARGET_NAME)";
				SWIFT_VERSION = 5.0;
				TARGETED_DEVICE_FAMILY = "1,2";
			};
			name = Release;
		};
		D0F9946326616BB300890554 /* Debug */ = {
			isa = XCBuildConfiguration;
			buildSettings = {
				ASSETCATALOG_COMPILER_APPICON_NAME = AppIcon;
				ASSETCATALOG_COMPILER_GLOBAL_ACCENT_COLOR_NAME = AccentColor;
				CODE_SIGN_STYLE = Automatic;
				DEVELOPMENT_TEAM = L7BXVNN29K;
				INFOPLIST_FILE = SimpleChartsDemo/Info.plist;
				IPHONEOS_DEPLOYMENT_TARGET = 13.0;
				LD_RUNPATH_SEARCH_PATHS = (
					"$(inherited)",
					"@executable_path/Frameworks",
				);
				PRODUCT_BUNDLE_IDENTIFIER = com.emrearmagan.SimpleChartsDemo;
				PRODUCT_NAME = "$(TARGET_NAME)";
				SWIFT_VERSION = 5.0;
				TARGETED_DEVICE_FAMILY = "1,2";
			};
			name = Debug;
		};
		D0F9946426616BB300890554 /* Release */ = {
			isa = XCBuildConfiguration;
			buildSettings = {
				ASSETCATALOG_COMPILER_APPICON_NAME = AppIcon;
				ASSETCATALOG_COMPILER_GLOBAL_ACCENT_COLOR_NAME = AccentColor;
				CODE_SIGN_STYLE = Automatic;
				DEVELOPMENT_TEAM = L7BXVNN29K;
				INFOPLIST_FILE = SimpleChartsDemo/Info.plist;
				IPHONEOS_DEPLOYMENT_TARGET = 13.0;
				LD_RUNPATH_SEARCH_PATHS = (
					"$(inherited)",
					"@executable_path/Frameworks",
				);
				PRODUCT_BUNDLE_IDENTIFIER = com.emrearmagan.SimpleChartsDemo;
				PRODUCT_NAME = "$(TARGET_NAME)";
				SWIFT_VERSION = 5.0;
				TARGETED_DEVICE_FAMILY = "1,2";
			};
			name = Release;
		};
/* End XCBuildConfiguration section */

/* Begin XCConfigurationList section */
		D0F994172661694B00890554 /* Build configuration list for PBXProject "SimpleCharts" */ = {
			isa = XCConfigurationList;
			buildConfigurations = (
				D0F9942F2661694B00890554 /* Debug */,
				D0F994302661694B00890554 /* Release */,
			);
			defaultConfigurationIsVisible = 0;
			defaultConfigurationName = Release;
		};
		D0F994312661694B00890554 /* Build configuration list for PBXNativeTarget "SimpleCharts" */ = {
			isa = XCConfigurationList;
			buildConfigurations = (
				D0F994322661694B00890554 /* Debug */,
				D0F994332661694B00890554 /* Release */,
			);
			defaultConfigurationIsVisible = 0;
			defaultConfigurationName = Release;
		};
		D0F994342661694B00890554 /* Build configuration list for PBXNativeTarget "SimpleChartsTests" */ = {
			isa = XCConfigurationList;
			buildConfigurations = (
				D0F994352661694B00890554 /* Debug */,
				D0F994362661694B00890554 /* Release */,
			);
			defaultConfigurationIsVisible = 0;
			defaultConfigurationName = Release;
		};
		D0F9946226616BB300890554 /* Build configuration list for PBXNativeTarget "SimpleChartsDemo" */ = {
			isa = XCConfigurationList;
			buildConfigurations = (
				D0F9946326616BB300890554 /* Debug */,
				D0F9946426616BB300890554 /* Release */,
			);
			defaultConfigurationIsVisible = 0;
			defaultConfigurationName = Release;
		};
/* End XCConfigurationList section */
	};
	rootObject = D0F994142661694B00890554 /* Project object */;
}
